<?xml version="1.0" encoding="UTF-8" standalone="yes" ?>
<CodeBlocks_project_file>
	<FileVersion major="1" minor="6" />
	<Project>
		<Option title="planeted" />
		<Option pch_mode="2" />
		<Option compiler="gcc" />
		<Build>
			<Target title="Debug">
				<Option output="bin/Debug/planeted" prefix_auto="1" extension_auto="1" />
				<Option object_output="obj/Debug/" />
				<Option type="1" />
				<Option compiler="gcc" />
				<Compiler>
					<Add option="-g" />
				</Compiler>
			</Target>
			<Target title="Release">
				<Option output="bin/Release/planeted" prefix_auto="1" extension_auto="1" />
				<Option object_output="obj/Release/" />
				<Option type="1" />
				<Option compiler="gcc" />
				<Compiler>
					<Add option="-O2" />
				</Compiler>
				<Linker>
					<Add option="-s" />
				</Linker>
			</Target>
		</Build>
		<Compiler>
			<Add option="-Wall" />
			<Add option="-fexceptions" />
		</Compiler>
		<Unit filename="Color.h" />
		<Unit filename="IcoSphere.cpp" />
		<Unit filename="IcoSphere.h" />
		<Unit filename="Icosahedron.cpp" />
		<Unit filename="Icosahedron.h" />
		<Unit filename="Math.h" />
		<Unit filename="Mesh.cpp" />
		<Unit filename="Mesh.h" />
		<Unit filename="MeshSubdivider.cpp" />
		<Unit filename="MeshSubdivider.h" />
		<Unit filename="OBJ.cpp" />
		<Unit filename="OBJ.h" />
		<Unit filename="PDSL.cpp" />
		<Unit filename="PDSL.h" />
		<Unit filename="PDSL_Lexer.cpp" />
		<Unit filename="PDSL_Lexer.h" />
		<Unit filename="PDSL_Lib.cpp" />
		<Unit filename="PDSL_Lib.h" />
		<Unit filename="PDSL_Parser.cpp" />
		<Unit filename="PDSL_Parser.h" />
		<Unit filename="PDSL_Token.h" />
		<Unit filename="PDSL_Value.cpp" />
		<Unit filename="PDSL_Value.h" />
		<Unit filename="POV.cpp" />
		<Unit filename="POV.h" />
		<Unit filename="PPM.cpp" />
		<Unit filename="PPM.h" />
		<Unit filename="PRNG.cpp" />
		<Unit filename="PRNG.h" />
		<Unit filename="PixelMap.h" />
		<Unit filename="PlOb.h" />
		<Unit filename="Random.cpp" />
		<Unit filename="Random.h" />
		<Unit filename="SCAD.cpp" />
		<Unit filename="SCAD.h" />
		<Unit filename="STL.cpp" />
		<Unit filename="STL.h" />
		<Unit filename="Tests.h" />
		<Unit filename="Utils.h" />
		<Unit filename="Vector2.cpp" />
		<Unit filename="Vector2.h" />
		<Unit filename="Vector3.cpp" />
		<Unit filename="Vector3.h" />
		<Unit filename="main.cpp" />
		<Extensions>
			<lib_finder disable_auto="1" />
		</Extensions>
	</Project>
</CodeBlocks_project_file>
